{
    "_readme": [
        "This file locks the dependencies of your project to a known state",
        "Read more about it at https://getcomposer.org/doc/01-basic-usage.md#composer-lock-the-lock-file",
        "This file is @generated automatically"
    ],
    "hash": "44e85e4b94c184ef13a849944604a918",
    "packages": [
        {
            "name": "sunra/dbug",
            "version": "dev-master",
            "source": {
                "type": "git",
                "url": "https://github.com/sunra/dBug.git",
                "reference": "a71fafedd94eea2f85106024502f324766b575bf"
            },
            "dist": {
                "type": "zip",
                "url": "https://api.github.com/repos/sunra/dBug/zipball/a71fafedd94eea2f85106024502f324766b575bf",
                "reference": "a71fafedd94eea2f85106024502f324766b575bf",
                "shasum": ""
            },
            "require": {
                "php": ">=5.3.2"
            },
            "type": "library",
            "autoload": {
                "psr-0": {
                    "Ospinto\\Dbug": "lib/"
                }
            },
            "notification-url": "https://packagist.org/downloads/",
            "license": [
                "MIT"
            ],
            "authors": [
                {
                    "name": "sunra",
                    "email": "sunra@yandex.ru",
                    "homepage": "http://github.com/sunra"
                }
            ],
            "description": "Most beautiful variable dump library for PHP (ColdFusion like style)",
            "homepage": "http://github.com/sunra/dBug.git",
            "keywords": [
                "debug",
                "dump",
                "php"
            ],
            "time": "2012-12-03 14:51:37"
        }
    ],
    "packages-dev": [],
    "aliases": [],
    "minimum-stability": "stable",
    "stability-flags": {
        "sunra/dbug": 20
    },
    "prefer-stable": false,
    "prefer-lowest": false,
    "platform": [],
    "platform-dev": []
}
